// !$*UTF8*$!
{
	archiveVersion = 1;
	classes = {
	};
	objectVersion = 51;
	objects = {

/* Begin PBXBuildFile section */
		0396F39B3CBC1EA256966F6C /* Pods_NewPickFlicks.framework in Frameworks */ = {isa = PBXBuildFile; fileRef = DB19588608EDD0C04D7587AB /* Pods_NewPickFlicks.framework */; };
		2DF8767B5839F807F19B0BF4 /* Pods_NewPickFlicks_NewPickFlicksUITests.framework in Frameworks */ = {isa = PBXBuildFile; fileRef = 58829E7820CC925A96EF2FB6 /* Pods_NewPickFlicks_NewPickFlicksUITests.framework */; };
		481E5746260B9EAD00E03092 /* UserCellViewModel.swift in Sources */ = {isa = PBXBuildFile; fileRef = 481E5745260B9EAD00E03092 /* UserCellViewModel.swift */; };
		481E5751260CE95800E03092 /* EditProfileController.swift in Sources */ = {isa = PBXBuildFile; fileRef = 481E5750260CE95800E03092 /* EditProfileController.swift */; };
		481E577C260E301000E03092 /* friendsCell.swift in Sources */ = {isa = PBXBuildFile; fileRef = 481E577B260E301000E03092 /* friendsCell.swift */; };
		4835053D2609BD2E007ACABD /* FiltersController.swift in Sources */ = {isa = PBXBuildFile; fileRef = 4835053C2609BD2E007ACABD /* FiltersController.swift */; };
		483505452609D5A6007ACABD /* NewGroupController.swift in Sources */ = {isa = PBXBuildFile; fileRef = 483505442609D5A6007ACABD /* NewGroupController.swift */; };
		4835054A2609D802007ACABD /* UserCell.swift in Sources */ = {isa = PBXBuildFile; fileRef = 483505492609D802007ACABD /* UserCell.swift */; };
		48350552260A392C007ACABD /* NewGroupHeader.swift in Sources */ = {isa = PBXBuildFile; fileRef = 48350551260A392C007ACABD /* NewGroupHeader.swift */; };
		4868852626136D22000F7A2E /* Onboarding.storyboard in Resources */ = {isa = PBXBuildFile; fileRef = 4868852526136D22000F7A2E /* Onboarding.storyboard */; };
		4868852C26136DC5000F7A2E /* OnboardingViewController.swift in Sources */ = {isa = PBXBuildFile; fileRef = 4868852B26136DC5000F7A2E /* OnboardingViewController.swift */; };
		4868853426137100000F7A2E /* OnboardingCell.swift in Sources */ = {isa = PBXBuildFile; fileRef = 4868853326137100000F7A2E /* OnboardingCell.swift */; };
		486885392613862C000F7A2E /* Slide.swift in Sources */ = {isa = PBXBuildFile; fileRef = 486885382613862C000F7A2E /* Slide.swift */; };
		4868856726138A42000F7A2E /* lottieMovie.json in Resources */ = {isa = PBXBuildFile; fileRef = 4868856526138A42000F7A2E /* lottieMovie.json */; };
		4868856826138A42000F7A2E /* lottieswipe.json in Resources */ = {isa = PBXBuildFile; fileRef = 4868856626138A42000F7A2E /* lottieswipe.json */; };
		4868856D261390F9000F7A2E /* tinder.json in Resources */ = {isa = PBXBuildFile; fileRef = 4868856C261390F9000F7A2E /* tinder.json */; };
		488A246F262F2B9D002A3751 /* EditProfileHeader.swift in Sources */ = {isa = PBXBuildFile; fileRef = 488A246E262F2B9D002A3751 /* EditProfileHeader.swift */; };
		488A2474262F309F002A3751 /* EditProfileCell.swift in Sources */ = {isa = PBXBuildFile; fileRef = 488A2473262F309E002A3751 /* EditProfileCell.swift */; };
		488A2479262F3597002A3751 /* EditProfileViewModel.swift in Sources */ = {isa = PBXBuildFile; fileRef = 488A2478262F3597002A3751 /* EditProfileViewModel.swift */; };
		488E5945261427590048F2F1 /* engagement.json in Resources */ = {isa = PBXBuildFile; fileRef = 488E5943261427590048F2F1 /* engagement.json */; };
		488E5946261427590048F2F1 /* notifications.json in Resources */ = {isa = PBXBuildFile; fileRef = 488E5944261427590048F2F1 /* notifications.json */; };
		488E5963261553400048F2F1 /* AllMoviesViewModel.swift in Sources */ = {isa = PBXBuildFile; fileRef = 488E5962261553400048F2F1 /* AllMoviesViewModel.swift */; };
		488E5973261590BE0048F2F1 /* MovieDetailView.swift in Sources */ = {isa = PBXBuildFile; fileRef = 488E5972261590BE0048F2F1 /* MovieDetailView.swift */; };
		488E59AE26160EB70048F2F1 /* ExploreUsers.swift in Sources */ = {isa = PBXBuildFile; fileRef = 488E59AD26160EB70048F2F1 /* ExploreUsers.swift */; };
		488E59ED261779030048F2F1 /* SettingsCell.swift in Sources */ = {isa = PBXBuildFile; fileRef = 488E59EC261779030048F2F1 /* SettingsCell.swift */; };
		488E59F22617EF530048F2F1 /* SettingsSection.swift in Sources */ = {isa = PBXBuildFile; fileRef = 488E59F12617EF530048F2F1 /* SettingsSection.swift */; };
		48B17B61263C7E8F00F7844E /* SearchMovies.swift in Sources */ = {isa = PBXBuildFile; fileRef = 48B17B60263C7E8F00F7844E /* SearchMovies.swift */; };
		48B985C426330C8E0035FD07 /* NotificationCell.swift in Sources */ = {isa = PBXBuildFile; fileRef = 48B985C326330C8E0035FD07 /* NotificationCell.swift */; };
		48B985C926330E1B0035FD07 /* NotificationViewModel.swift in Sources */ = {isa = PBXBuildFile; fileRef = 48B985C826330E1B0035FD07 /* NotificationViewModel.swift */; };
		48B985CE26330E600035FD07 /* Notification.swift in Sources */ = {isa = PBXBuildFile; fileRef = 48B985CD26330E600035FD07 /* Notification.swift */; };
		48B985D7263701C90035FD07 /* NotificationService.swift in Sources */ = {isa = PBXBuildFile; fileRef = 48B985D6263701C90035FD07 /* NotificationService.swift */; };
		48E3C610260123660080449D /* AppDelegate.swift in Sources */ = {isa = PBXBuildFile; fileRef = 48E3C60F260123660080449D /* AppDelegate.swift */; };
		48E3C612260123660080449D /* SceneDelegate.swift in Sources */ = {isa = PBXBuildFile; fileRef = 48E3C611260123660080449D /* SceneDelegate.swift */; };
		48E3C617260123660080449D /* Main.storyboard in Resources */ = {isa = PBXBuildFile; fileRef = 48E3C615260123660080449D /* Main.storyboard */; };
		48E3C619260123680080449D /* Assets.xcassets in Resources */ = {isa = PBXBuildFile; fileRef = 48E3C618260123680080449D /* Assets.xcassets */; };
		48E3C627260123680080449D /* NewPickFlicksTests.swift in Sources */ = {isa = PBXBuildFile; fileRef = 48E3C626260123680080449D /* NewPickFlicksTests.swift */; };
		48E3C632260123680080449D /* NewPickFlicksUITests.swift in Sources */ = {isa = PBXBuildFile; fileRef = 48E3C631260123680080449D /* NewPickFlicksUITests.swift */; };
		48E3C64C260124850080449D /* HomeController.swift in Sources */ = {isa = PBXBuildFile; fileRef = 48E3C64B260124850080449D /* HomeController.swift */; };
		48E3C6512601251C0080449D /* Extensions.swift in Sources */ = {isa = PBXBuildFile; fileRef = 48E3C6502601251C0080449D /* Extensions.swift */; };
		48E3C656260125770080449D /* HomeNavigationStackView.swift in Sources */ = {isa = PBXBuildFile; fileRef = 48E3C655260125770080449D /* HomeNavigationStackView.swift */; };
		48E3C65B260186A90080449D /* BottomControlStackView.swift in Sources */ = {isa = PBXBuildFile; fileRef = 48E3C65A260186A90080449D /* BottomControlStackView.swift */; };
		48E3C66026018D440080449D /* CardView.swift in Sources */ = {isa = PBXBuildFile; fileRef = 48E3C65F26018D440080449D /* CardView.swift */; };
		48E3C66A2601AB300080449D /* CardViewModel.swift in Sources */ = {isa = PBXBuildFile; fileRef = 48E3C6692601AB300080449D /* CardViewModel.swift */; };
		48E3C6712601D0920080449D /* LoginController.swift in Sources */ = {isa = PBXBuildFile; fileRef = 48E3C6702601D0920080449D /* LoginController.swift */; };
		48E3C6792601D09C0080449D /* RegisterController.swift in Sources */ = {isa = PBXBuildFile; fileRef = 48E3C6782601D09C0080449D /* RegisterController.swift */; };
		48E3C67E2601D5330080449D /* AuthenticationViewModel.swift in Sources */ = {isa = PBXBuildFile; fileRef = 48E3C67D2601D5330080449D /* AuthenticationViewModel.swift */; };
		48E3C6832601D59B0080449D /* CustomTextField.swift in Sources */ = {isa = PBXBuildFile; fileRef = 48E3C6822601D59B0080449D /* CustomTextField.swift */; };
		48E3C689260243990080449D /* GoogleService-Info.plist in Resources */ = {isa = PBXBuildFile; fileRef = 48E3C688260243990080449D /* GoogleService-Info.plist */; };
		48E3C6B4260246BF0080449D /* MainTabController.swift in Sources */ = {isa = PBXBuildFile; fileRef = 48E3C6B3260246BF0080449D /* MainTabController.swift */; };
		48E3C6B9260247D70080449D /* SearchController.swift in Sources */ = {isa = PBXBuildFile; fileRef = 48E3C6B8260247D70080449D /* SearchController.swift */; };
		48E3C6C1260247E10080449D /* NotificationController.swift in Sources */ = {isa = PBXBuildFile; fileRef = 48E3C6C0260247E10080449D /* NotificationController.swift */; };
		48E3C6C6260247ED0080449D /* ProfileController.swift in Sources */ = {isa = PBXBuildFile; fileRef = 48E3C6C5260247ED0080449D /* ProfileController.swift */; };
		48E3C6CB26024CE10080449D /* AuthService.swift in Sources */ = {isa = PBXBuildFile; fileRef = 48E3C6CA26024CE10080449D /* AuthService.swift */; };
		48E3C6D026024CEA0080449D /* DatabaseManager.swift in Sources */ = {isa = PBXBuildFile; fileRef = 48E3C6CF26024CEA0080449D /* DatabaseManager.swift */; };
		48E3C6D526024F4E0080449D /* ImageUploader.swift in Sources */ = {isa = PBXBuildFile; fileRef = 48E3C6D426024F4E0080449D /* ImageUploader.swift */; };
		48E3C6DA260251040080449D /* Constants.swift in Sources */ = {isa = PBXBuildFile; fileRef = 48E3C6D9260251040080449D /* Constants.swift */; };
		48E3C70526025F060080449D /* SettingsController.swift in Sources */ = {isa = PBXBuildFile; fileRef = 48E3C70426025F060080449D /* SettingsController.swift */; };
		48E3C70B260260F60080449D /* ProfileHeader.swift in Sources */ = {isa = PBXBuildFile; fileRef = 48E3C70A260260F60080449D /* ProfileHeader.swift */; };
		48E3C713260261010080449D /* ProfileCell.swift in Sources */ = {isa = PBXBuildFile; fileRef = 48E3C712260261010080449D /* ProfileCell.swift */; };
		48E3C73C260397A90080449D /* UserService.swift in Sources */ = {isa = PBXBuildFile; fileRef = 48E3C73B260397A90080449D /* UserService.swift */; };
		48E3C741260399C80080449D /* User.swift in Sources */ = {isa = PBXBuildFile; fileRef = 48E3C740260399C80080449D /* User.swift */; };
		48E3C74626039D0A0080449D /* ProfileHeaderViewModel.swift in Sources */ = {isa = PBXBuildFile; fileRef = 48E3C74526039D0A0080449D /* ProfileHeaderViewModel.swift */; };
		48E3C74B2603B4F10080449D /* StartSession.swift in Sources */ = {isa = PBXBuildFile; fileRef = 48E3C74A2603B4F10080449D /* StartSession.swift */; };
		48E3C75026042C770080449D /* FillButtonController.swift in Sources */ = {isa = PBXBuildFile; fileRef = 48E3C74F26042C770080449D /* FillButtonController.swift */; };
		48E3C75826044CE20080449D /* ClearButtonController.swift in Sources */ = {isa = PBXBuildFile; fileRef = 48E3C75726044CE20080449D /* ClearButtonController.swift */; };
		48F2931D2639B4B80064ADDB /* PlayController.swift in Sources */ = {isa = PBXBuildFile; fileRef = 48F2931C2639B4B80064ADDB /* PlayController.swift */; };
		48F293222639B53A0064ADDB /* PlayNavigationStackView.swift in Sources */ = {isa = PBXBuildFile; fileRef = 48F293212639B53A0064ADDB /* PlayNavigationStackView.swift */; };
		48F293282639B5EB0064ADDB /* PlayBottomControllerStackView.swift in Sources */ = {isa = PBXBuildFile; fileRef = 48F293272639B5EB0064ADDB /* PlayBottomControllerStackView.swift */; };
		5E162A96787E624614D620CA /* Pods_NewPickFlicksTests.framework in Frameworks */ = {isa = PBXBuildFile; fileRef = 7D4F48D613FAE2E5068F6480 /* Pods_NewPickFlicksTests.framework */; };
		8028EC4F2642E78300BCC8BB /* LaunchScreenFix.storyboard in Resources */ = {isa = PBXBuildFile; fileRef = 8028EC4E2642E78300BCC8BB /* LaunchScreenFix.storyboard */; };
		8070CA912608E6C0007D5B5E /* Movie.swift in Sources */ = {isa = PBXBuildFile; fileRef = 8070CA902608E6C0007D5B5E /* Movie.swift */; };
		8070CA962608E71B007D5B5E /* APIServices.swift in Sources */ = {isa = PBXBuildFile; fileRef = 8070CA952608E71B007D5B5E /* APIServices.swift */; };
		8070CAA0260A2C4C007D5B5E /* Cast.swift in Sources */ = {isa = PBXBuildFile; fileRef = 8070CA9F260A2C4C007D5B5E /* Cast.swift */; };
		8080080B2639AFBF003668AD /* SessionResults.swift in Sources */ = {isa = PBXBuildFile; fileRef = 8080080A2639AFBF003668AD /* SessionResults.swift */; };
		8094B52126175B9D0058F898 /* Genre.swift in Sources */ = {isa = PBXBuildFile; fileRef = 8094B52026175B9D0058F898 /* Genre.swift */; };
		83825905260B7BFF006834A1 /* Session.swift in Sources */ = {isa = PBXBuildFile; fileRef = 83825904260B7BFF006834A1 /* Session.swift */; };
		83825910260B87D0006834A1 /* JoinGroupViewController.swift in Sources */ = {isa = PBXBuildFile; fileRef = 8382590F260B87D0006834A1 /* JoinGroupViewController.swift */; };
/* End PBXBuildFile section */

/* Begin PBXContainerItemProxy section */
		48E3C623260123680080449D /* PBXContainerItemProxy */ = {
			isa = PBXContainerItemProxy;
			containerPortal = 48E3C604260123660080449D /* Project object */;
			proxyType = 1;
			remoteGlobalIDString = 48E3C60B260123660080449D;
			remoteInfo = NewPickFlicks;
		};
		48E3C62E260123680080449D /* PBXContainerItemProxy */ = {
			isa = PBXContainerItemProxy;
			containerPortal = 48E3C604260123660080449D /* Project object */;
			proxyType = 1;
			remoteGlobalIDString = 48E3C60B260123660080449D;
			remoteInfo = NewPickFlicks;
		};
/* End PBXContainerItemProxy section */

/* Begin PBXFileReference section */
		15B2F3E9F52B39A484769865 /* Pods-NewPickFlicks-NewPickFlicksUITests.debug.xcconfig */ = {isa = PBXFileReference; includeInIndex = 1; lastKnownFileType = text.xcconfig; name = "Pods-NewPickFlicks-NewPickFlicksUITests.debug.xcconfig"; path = "Target Support Files/Pods-NewPickFlicks-NewPickFlicksUITests/Pods-NewPickFlicks-NewPickFlicksUITests.debug.xcconfig"; sourceTree = "<group>"; };
		481E5745260B9EAD00E03092 /* UserCellViewModel.swift */ = {isa = PBXFileReference; lastKnownFileType = sourcecode.swift; path = UserCellViewModel.swift; sourceTree = "<group>"; };
		481E5750260CE95800E03092 /* EditProfileController.swift */ = {isa = PBXFileReference; lastKnownFileType = sourcecode.swift; path = EditProfileController.swift; sourceTree = "<group>"; };
		481E577B260E301000E03092 /* friendsCell.swift */ = {isa = PBXFileReference; lastKnownFileType = sourcecode.swift; path = friendsCell.swift; sourceTree = "<group>"; };
		4835053C2609BD2E007ACABD /* FiltersController.swift */ = {isa = PBXFileReference; lastKnownFileType = sourcecode.swift; path = FiltersController.swift; sourceTree = "<group>"; };
		483505442609D5A6007ACABD /* NewGroupController.swift */ = {isa = PBXFileReference; lastKnownFileType = sourcecode.swift; path = NewGroupController.swift; sourceTree = "<group>"; };
		483505492609D802007ACABD /* UserCell.swift */ = {isa = PBXFileReference; lastKnownFileType = sourcecode.swift; path = UserCell.swift; sourceTree = "<group>"; };
		48350551260A392C007ACABD /* NewGroupHeader.swift */ = {isa = PBXFileReference; lastKnownFileType = sourcecode.swift; path = NewGroupHeader.swift; sourceTree = "<group>"; };
		4868852526136D22000F7A2E /* Onboarding.storyboard */ = {isa = PBXFileReference; lastKnownFileType = file.storyboard; path = Onboarding.storyboard; sourceTree = "<group>"; };
		4868852B26136DC5000F7A2E /* OnboardingViewController.swift */ = {isa = PBXFileReference; lastKnownFileType = sourcecode.swift; path = OnboardingViewController.swift; sourceTree = "<group>"; };
		4868853326137100000F7A2E /* OnboardingCell.swift */ = {isa = PBXFileReference; lastKnownFileType = sourcecode.swift; path = OnboardingCell.swift; sourceTree = "<group>"; };
		486885382613862C000F7A2E /* Slide.swift */ = {isa = PBXFileReference; lastKnownFileType = sourcecode.swift; path = Slide.swift; sourceTree = "<group>"; };
		4868856526138A42000F7A2E /* lottieMovie.json */ = {isa = PBXFileReference; fileEncoding = 4; lastKnownFileType = text.json; path = lottieMovie.json; sourceTree = "<group>"; };
		4868856626138A42000F7A2E /* lottieswipe.json */ = {isa = PBXFileReference; fileEncoding = 4; lastKnownFileType = text.json; path = lottieswipe.json; sourceTree = "<group>"; };
		4868856C261390F9000F7A2E /* tinder.json */ = {isa = PBXFileReference; fileEncoding = 4; lastKnownFileType = text.json; path = tinder.json; sourceTree = "<group>"; };
		488A246E262F2B9D002A3751 /* EditProfileHeader.swift */ = {isa = PBXFileReference; lastKnownFileType = sourcecode.swift; path = EditProfileHeader.swift; sourceTree = "<group>"; };
		488A2473262F309E002A3751 /* EditProfileCell.swift */ = {isa = PBXFileReference; lastKnownFileType = sourcecode.swift; path = EditProfileCell.swift; sourceTree = "<group>"; };
		488A2478262F3597002A3751 /* EditProfileViewModel.swift */ = {isa = PBXFileReference; lastKnownFileType = sourcecode.swift; path = EditProfileViewModel.swift; sourceTree = "<group>"; };
		488E5943261427590048F2F1 /* engagement.json */ = {isa = PBXFileReference; fileEncoding = 4; lastKnownFileType = text.json; path = engagement.json; sourceTree = "<group>"; };
		488E5944261427590048F2F1 /* notifications.json */ = {isa = PBXFileReference; fileEncoding = 4; lastKnownFileType = text.json; path = notifications.json; sourceTree = "<group>"; };
		488E5962261553400048F2F1 /* AllMoviesViewModel.swift */ = {isa = PBXFileReference; lastKnownFileType = sourcecode.swift; path = AllMoviesViewModel.swift; sourceTree = "<group>"; };
		488E5972261590BE0048F2F1 /* MovieDetailView.swift */ = {isa = PBXFileReference; lastKnownFileType = sourcecode.swift; path = MovieDetailView.swift; sourceTree = "<group>"; };
		488E59AD26160EB70048F2F1 /* ExploreUsers.swift */ = {isa = PBXFileReference; lastKnownFileType = sourcecode.swift; path = ExploreUsers.swift; sourceTree = "<group>"; };
		488E59EC261779030048F2F1 /* SettingsCell.swift */ = {isa = PBXFileReference; lastKnownFileType = sourcecode.swift; path = SettingsCell.swift; sourceTree = "<group>"; };
		488E59F12617EF530048F2F1 /* SettingsSection.swift */ = {isa = PBXFileReference; lastKnownFileType = sourcecode.swift; path = SettingsSection.swift; sourceTree = "<group>"; };
		48B17B60263C7E8F00F7844E /* SearchMovies.swift */ = {isa = PBXFileReference; lastKnownFileType = sourcecode.swift; path = SearchMovies.swift; sourceTree = "<group>"; };
		48B985C326330C8E0035FD07 /* NotificationCell.swift */ = {isa = PBXFileReference; lastKnownFileType = sourcecode.swift; path = NotificationCell.swift; sourceTree = "<group>"; };
		48B985C826330E1B0035FD07 /* NotificationViewModel.swift */ = {isa = PBXFileReference; lastKnownFileType = sourcecode.swift; path = NotificationViewModel.swift; sourceTree = "<group>"; };
		48B985CD26330E600035FD07 /* Notification.swift */ = {isa = PBXFileReference; lastKnownFileType = sourcecode.swift; path = Notification.swift; sourceTree = "<group>"; };
		48B985D6263701C90035FD07 /* NotificationService.swift */ = {isa = PBXFileReference; lastKnownFileType = sourcecode.swift; path = NotificationService.swift; sourceTree = "<group>"; };
		48E3C60C260123660080449D /* NewPickFlicks.app */ = {isa = PBXFileReference; explicitFileType = wrapper.application; includeInIndex = 0; path = NewPickFlicks.app; sourceTree = BUILT_PRODUCTS_DIR; };
		48E3C60F260123660080449D /* AppDelegate.swift */ = {isa = PBXFileReference; lastKnownFileType = sourcecode.swift; path = AppDelegate.swift; sourceTree = "<group>"; };
		48E3C611260123660080449D /* SceneDelegate.swift */ = {isa = PBXFileReference; lastKnownFileType = sourcecode.swift; path = SceneDelegate.swift; sourceTree = "<group>"; };
		48E3C616260123660080449D /* Base */ = {isa = PBXFileReference; lastKnownFileType = file.storyboard; name = Base; path = Base.lproj/Main.storyboard; sourceTree = "<group>"; };
		48E3C618260123680080449D /* Assets.xcassets */ = {isa = PBXFileReference; lastKnownFileType = folder.assetcatalog; path = Assets.xcassets; sourceTree = "<group>"; };
		48E3C61D260123680080449D /* Info.plist */ = {isa = PBXFileReference; lastKnownFileType = text.plist.xml; path = Info.plist; sourceTree = "<group>"; };
		48E3C622260123680080449D /* NewPickFlicksTests.xctest */ = {isa = PBXFileReference; explicitFileType = wrapper.cfbundle; includeInIndex = 0; path = NewPickFlicksTests.xctest; sourceTree = BUILT_PRODUCTS_DIR; };
		48E3C626260123680080449D /* NewPickFlicksTests.swift */ = {isa = PBXFileReference; lastKnownFileType = sourcecode.swift; path = NewPickFlicksTests.swift; sourceTree = "<group>"; };
		48E3C628260123680080449D /* Info.plist */ = {isa = PBXFileReference; lastKnownFileType = text.plist.xml; path = Info.plist; sourceTree = "<group>"; };
		48E3C62D260123680080449D /* NewPickFlicksUITests.xctest */ = {isa = PBXFileReference; explicitFileType = wrapper.cfbundle; includeInIndex = 0; path = NewPickFlicksUITests.xctest; sourceTree = BUILT_PRODUCTS_DIR; };
		48E3C631260123680080449D /* NewPickFlicksUITests.swift */ = {isa = PBXFileReference; lastKnownFileType = sourcecode.swift; path = NewPickFlicksUITests.swift; sourceTree = "<group>"; };
		48E3C633260123680080449D /* Info.plist */ = {isa = PBXFileReference; lastKnownFileType = text.plist.xml; path = Info.plist; sourceTree = "<group>"; };
		48E3C64B260124850080449D /* HomeController.swift */ = {isa = PBXFileReference; lastKnownFileType = sourcecode.swift; path = HomeController.swift; sourceTree = "<group>"; };
		48E3C6502601251C0080449D /* Extensions.swift */ = {isa = PBXFileReference; lastKnownFileType = sourcecode.swift; path = Extensions.swift; sourceTree = "<group>"; };
		48E3C655260125770080449D /* HomeNavigationStackView.swift */ = {isa = PBXFileReference; lastKnownFileType = sourcecode.swift; path = HomeNavigationStackView.swift; sourceTree = "<group>"; };
		48E3C65A260186A90080449D /* BottomControlStackView.swift */ = {isa = PBXFileReference; lastKnownFileType = sourcecode.swift; path = BottomControlStackView.swift; sourceTree = "<group>"; };
		48E3C65F26018D440080449D /* CardView.swift */ = {isa = PBXFileReference; lastKnownFileType = sourcecode.swift; path = CardView.swift; sourceTree = "<group>"; };
		48E3C6692601AB300080449D /* CardViewModel.swift */ = {isa = PBXFileReference; lastKnownFileType = sourcecode.swift; path = CardViewModel.swift; sourceTree = "<group>"; };
		48E3C6702601D0920080449D /* LoginController.swift */ = {isa = PBXFileReference; lastKnownFileType = sourcecode.swift; path = LoginController.swift; sourceTree = "<group>"; };
		48E3C6782601D09C0080449D /* RegisterController.swift */ = {isa = PBXFileReference; lastKnownFileType = sourcecode.swift; path = RegisterController.swift; sourceTree = "<group>"; };
		48E3C67D2601D5330080449D /* AuthenticationViewModel.swift */ = {isa = PBXFileReference; lastKnownFileType = sourcecode.swift; path = AuthenticationViewModel.swift; sourceTree = "<group>"; };
		48E3C6822601D59B0080449D /* CustomTextField.swift */ = {isa = PBXFileReference; lastKnownFileType = sourcecode.swift; path = CustomTextField.swift; sourceTree = "<group>"; };
		48E3C688260243990080449D /* GoogleService-Info.plist */ = {isa = PBXFileReference; fileEncoding = 4; lastKnownFileType = text.plist.xml; path = "GoogleService-Info.plist"; sourceTree = "<group>"; };
		48E3C6B3260246BF0080449D /* MainTabController.swift */ = {isa = PBXFileReference; lastKnownFileType = sourcecode.swift; path = MainTabController.swift; sourceTree = "<group>"; };
		48E3C6B8260247D70080449D /* SearchController.swift */ = {isa = PBXFileReference; lastKnownFileType = sourcecode.swift; path = SearchController.swift; sourceTree = "<group>"; };
		48E3C6C0260247E10080449D /* NotificationController.swift */ = {isa = PBXFileReference; lastKnownFileType = sourcecode.swift; path = NotificationController.swift; sourceTree = "<group>"; };
		48E3C6C5260247ED0080449D /* ProfileController.swift */ = {isa = PBXFileReference; lastKnownFileType = sourcecode.swift; path = ProfileController.swift; sourceTree = "<group>"; };
		48E3C6CA26024CE10080449D /* AuthService.swift */ = {isa = PBXFileReference; lastKnownFileType = sourcecode.swift; path = AuthService.swift; sourceTree = "<group>"; };
		48E3C6CF26024CEA0080449D /* DatabaseManager.swift */ = {isa = PBXFileReference; lastKnownFileType = sourcecode.swift; path = DatabaseManager.swift; sourceTree = "<group>"; };
		48E3C6D426024F4E0080449D /* ImageUploader.swift */ = {isa = PBXFileReference; lastKnownFileType = sourcecode.swift; path = ImageUploader.swift; sourceTree = "<group>"; };
		48E3C6D9260251040080449D /* Constants.swift */ = {isa = PBXFileReference; lastKnownFileType = sourcecode.swift; path = Constants.swift; sourceTree = "<group>"; };
		48E3C70426025F060080449D /* SettingsController.swift */ = {isa = PBXFileReference; lastKnownFileType = sourcecode.swift; path = SettingsController.swift; sourceTree = "<group>"; };
		48E3C70A260260F60080449D /* ProfileHeader.swift */ = {isa = PBXFileReference; lastKnownFileType = sourcecode.swift; path = ProfileHeader.swift; sourceTree = "<group>"; };
		48E3C712260261010080449D /* ProfileCell.swift */ = {isa = PBXFileReference; lastKnownFileType = sourcecode.swift; path = ProfileCell.swift; sourceTree = "<group>"; };
		48E3C73B260397A90080449D /* UserService.swift */ = {isa = PBXFileReference; lastKnownFileType = sourcecode.swift; path = UserService.swift; sourceTree = "<group>"; };
		48E3C740260399C80080449D /* User.swift */ = {isa = PBXFileReference; lastKnownFileType = sourcecode.swift; path = User.swift; sourceTree = "<group>"; };
		48E3C74526039D0A0080449D /* ProfileHeaderViewModel.swift */ = {isa = PBXFileReference; lastKnownFileType = sourcecode.swift; path = ProfileHeaderViewModel.swift; sourceTree = "<group>"; };
		48E3C74A2603B4F10080449D /* StartSession.swift */ = {isa = PBXFileReference; lastKnownFileType = sourcecode.swift; path = StartSession.swift; sourceTree = "<group>"; };
		48E3C74F26042C770080449D /* FillButtonController.swift */ = {isa = PBXFileReference; lastKnownFileType = sourcecode.swift; path = FillButtonController.swift; sourceTree = "<group>"; };
		48E3C75726044CE20080449D /* ClearButtonController.swift */ = {isa = PBXFileReference; lastKnownFileType = sourcecode.swift; path = ClearButtonController.swift; sourceTree = "<group>"; };
		48F2931C2639B4B80064ADDB /* PlayController.swift */ = {isa = PBXFileReference; lastKnownFileType = sourcecode.swift; path = PlayController.swift; sourceTree = "<group>"; };
		48F293212639B53A0064ADDB /* PlayNavigationStackView.swift */ = {isa = PBXFileReference; lastKnownFileType = sourcecode.swift; path = PlayNavigationStackView.swift; sourceTree = "<group>"; };
		48F293272639B5EB0064ADDB /* PlayBottomControllerStackView.swift */ = {isa = PBXFileReference; lastKnownFileType = sourcecode.swift; path = PlayBottomControllerStackView.swift; sourceTree = "<group>"; };
		4B4B62FD6BD952EC49C5EBF9 /* Pods-NewPickFlicks-NewPickFlicksUITests.release.xcconfig */ = {isa = PBXFileReference; includeInIndex = 1; lastKnownFileType = text.xcconfig; name = "Pods-NewPickFlicks-NewPickFlicksUITests.release.xcconfig"; path = "Target Support Files/Pods-NewPickFlicks-NewPickFlicksUITests/Pods-NewPickFlicks-NewPickFlicksUITests.release.xcconfig"; sourceTree = "<group>"; };
		58829E7820CC925A96EF2FB6 /* Pods_NewPickFlicks_NewPickFlicksUITests.framework */ = {isa = PBXFileReference; explicitFileType = wrapper.framework; includeInIndex = 0; path = Pods_NewPickFlicks_NewPickFlicksUITests.framework; sourceTree = BUILT_PRODUCTS_DIR; };
		7D4F48D613FAE2E5068F6480 /* Pods_NewPickFlicksTests.framework */ = {isa = PBXFileReference; explicitFileType = wrapper.framework; includeInIndex = 0; path = Pods_NewPickFlicksTests.framework; sourceTree = BUILT_PRODUCTS_DIR; };
		8028EC4E2642E78300BCC8BB /* LaunchScreenFix.storyboard */ = {isa = PBXFileReference; lastKnownFileType = file.storyboard; path = LaunchScreenFix.storyboard; sourceTree = "<group>"; };
		8070CA902608E6C0007D5B5E /* Movie.swift */ = {isa = PBXFileReference; lastKnownFileType = sourcecode.swift; path = Movie.swift; sourceTree = "<group>"; };
		8070CA952608E71B007D5B5E /* APIServices.swift */ = {isa = PBXFileReference; lastKnownFileType = sourcecode.swift; path = APIServices.swift; sourceTree = "<group>"; };
		8070CA9F260A2C4C007D5B5E /* Cast.swift */ = {isa = PBXFileReference; lastKnownFileType = sourcecode.swift; path = Cast.swift; sourceTree = "<group>"; };
		8080080A2639AFBF003668AD /* SessionResults.swift */ = {isa = PBXFileReference; lastKnownFileType = sourcecode.swift; path = SessionResults.swift; sourceTree = "<group>"; };
		8094B52026175B9D0058F898 /* Genre.swift */ = {isa = PBXFileReference; lastKnownFileType = sourcecode.swift; path = Genre.swift; sourceTree = "<group>"; };
		83825904260B7BFF006834A1 /* Session.swift */ = {isa = PBXFileReference; lastKnownFileType = sourcecode.swift; path = Session.swift; sourceTree = "<group>"; };
		8382590F260B87D0006834A1 /* JoinGroupViewController.swift */ = {isa = PBXFileReference; lastKnownFileType = sourcecode.swift; path = JoinGroupViewController.swift; sourceTree = "<group>"; };
		98A1F1E84E0B2A61CCD72E83 /* Pods-NewPickFlicksTests.debug.xcconfig */ = {isa = PBXFileReference; includeInIndex = 1; lastKnownFileType = text.xcconfig; name = "Pods-NewPickFlicksTests.debug.xcconfig"; path = "Target Support Files/Pods-NewPickFlicksTests/Pods-NewPickFlicksTests.debug.xcconfig"; sourceTree = "<group>"; };
		A9685035A9E6A1D9A1D8486A /* Pods-NewPickFlicksTests.release.xcconfig */ = {isa = PBXFileReference; includeInIndex = 1; lastKnownFileType = text.xcconfig; name = "Pods-NewPickFlicksTests.release.xcconfig"; path = "Target Support Files/Pods-NewPickFlicksTests/Pods-NewPickFlicksTests.release.xcconfig"; sourceTree = "<group>"; };
		CB92BE48691BF0F9C6E0EC70 /* Pods-NewPickFlicks.debug.xcconfig */ = {isa = PBXFileReference; includeInIndex = 1; lastKnownFileType = text.xcconfig; name = "Pods-NewPickFlicks.debug.xcconfig"; path = "Target Support Files/Pods-NewPickFlicks/Pods-NewPickFlicks.debug.xcconfig"; sourceTree = "<group>"; };
		D582EA3382B4197F071E251D /* Pods-NewPickFlicks.release.xcconfig */ = {isa = PBXFileReference; includeInIndex = 1; lastKnownFileType = text.xcconfig; name = "Pods-NewPickFlicks.release.xcconfig"; path = "Target Support Files/Pods-NewPickFlicks/Pods-NewPickFlicks.release.xcconfig"; sourceTree = "<group>"; };
		DB19588608EDD0C04D7587AB /* Pods_NewPickFlicks.framework */ = {isa = PBXFileReference; explicitFileType = wrapper.framework; includeInIndex = 0; path = Pods_NewPickFlicks.framework; sourceTree = BUILT_PRODUCTS_DIR; };
/* End PBXFileReference section */

/* Begin PBXFrameworksBuildPhase section */
		48E3C609260123660080449D /* Frameworks */ = {
			isa = PBXFrameworksBuildPhase;
			buildActionMask = 2147483647;
			files = (
				0396F39B3CBC1EA256966F6C /* Pods_NewPickFlicks.framework in Frameworks */,
			);
			runOnlyForDeploymentPostprocessing = 0;
		};
		48E3C61F260123680080449D /* Frameworks */ = {
			isa = PBXFrameworksBuildPhase;
			buildActionMask = 2147483647;
			files = (
				5E162A96787E624614D620CA /* Pods_NewPickFlicksTests.framework in Frameworks */,
			);
			runOnlyForDeploymentPostprocessing = 0;
		};
		48E3C62A260123680080449D /* Frameworks */ = {
			isa = PBXFrameworksBuildPhase;
			buildActionMask = 2147483647;
			files = (
				2DF8767B5839F807F19B0BF4 /* Pods_NewPickFlicks_NewPickFlicksUITests.framework in Frameworks */,
			);
			runOnlyForDeploymentPostprocessing = 0;
		};
/* End PBXFrameworksBuildPhase section */

/* Begin PBXGroup section */
		0A3A19C111B8EE09B0F465C5 /* Frameworks */ = {
			isa = PBXGroup;
			children = (
				DB19588608EDD0C04D7587AB /* Pods_NewPickFlicks.framework */,
				58829E7820CC925A96EF2FB6 /* Pods_NewPickFlicks_NewPickFlicksUITests.framework */,
				7D4F48D613FAE2E5068F6480 /* Pods_NewPickFlicksTests.framework */,
			);
			name = Frameworks;
			sourceTree = "<group>";
		};
		3F105C4DCB4AF5DD4E8229F7 /* Pods */ = {
			isa = PBXGroup;
			children = (
				CB92BE48691BF0F9C6E0EC70 /* Pods-NewPickFlicks.debug.xcconfig */,
				D582EA3382B4197F071E251D /* Pods-NewPickFlicks.release.xcconfig */,
				15B2F3E9F52B39A484769865 /* Pods-NewPickFlicks-NewPickFlicksUITests.debug.xcconfig */,
				4B4B62FD6BD952EC49C5EBF9 /* Pods-NewPickFlicks-NewPickFlicksUITests.release.xcconfig */,
				98A1F1E84E0B2A61CCD72E83 /* Pods-NewPickFlicksTests.debug.xcconfig */,
				A9685035A9E6A1D9A1D8486A /* Pods-NewPickFlicksTests.release.xcconfig */,
			);
			path = Pods;
			sourceTree = "<group>";
		};
		4868852A26136D9C000F7A2E /* Onboarding */ = {
			isa = PBXGroup;
			children = (
				4868852B26136DC5000F7A2E /* OnboardingViewController.swift */,
			);
			path = Onboarding;
			sourceTree = "<group>";
		};
		4868856426138A2C000F7A2E /* Assets */ = {
			isa = PBXGroup;
			children = (
				4868856526138A42000F7A2E /* lottieMovie.json */,
				4868856626138A42000F7A2E /* lottieswipe.json */,
				4868856C261390F9000F7A2E /* tinder.json */,
				488E5943261427590048F2F1 /* engagement.json */,
				488E5944261427590048F2F1 /* notifications.json */,
			);
			path = Assets;
			sourceTree = "<group>";
		};
		48E3C603260123660080449D = {
			isa = PBXGroup;
			children = (
				48E3C60E260123660080449D /* NewPickFlicks */,
				48E3C625260123680080449D /* NewPickFlicksTests */,
				48E3C630260123680080449D /* NewPickFlicksUITests */,
				48E3C60D260123660080449D /* Products */,
				3F105C4DCB4AF5DD4E8229F7 /* Pods */,
				0A3A19C111B8EE09B0F465C5 /* Frameworks */,
			);
			sourceTree = "<group>";
		};
		48E3C60D260123660080449D /* Products */ = {
			isa = PBXGroup;
			children = (
				48E3C60C260123660080449D /* NewPickFlicks.app */,
				48E3C622260123680080449D /* NewPickFlicksTests.xctest */,
				48E3C62D260123680080449D /* NewPickFlicksUITests.xctest */,
			);
			name = Products;
			sourceTree = "<group>";
		};
		48E3C60E260123660080449D /* NewPickFlicks */ = {
			isa = PBXGroup;
			children = (
				4868856426138A2C000F7A2E /* Assets */,
				48E3C647260124210080449D /* Model */,
				48E3C6462601241F0080449D /* View */,
				48E3C6452601241D0080449D /* ViewModel */,
				48E3C6442601241B0080449D /* Controller */,
				48E3C643260124190080449D /* API */,
				48E3C642260124130080449D /* Utils */,
				48E3C60F260123660080449D /* AppDelegate.swift */,
				48E3C611260123660080449D /* SceneDelegate.swift */,
				488E5972261590BE0048F2F1 /* MovieDetailView.swift */,
				8080080A2639AFBF003668AD /* SessionResults.swift */,
				48E3C615260123660080449D /* Main.storyboard */,
				4868852526136D22000F7A2E /* Onboarding.storyboard */,
				48E3C618260123680080449D /* Assets.xcassets */,
				8028EC4E2642E78300BCC8BB /* LaunchScreenFix.storyboard */,
				48E3C61D260123680080449D /* Info.plist */,
			);
			path = NewPickFlicks;
			sourceTree = "<group>";
		};
		48E3C625260123680080449D /* NewPickFlicksTests */ = {
			isa = PBXGroup;
			children = (
				48E3C626260123680080449D /* NewPickFlicksTests.swift */,
				48E3C628260123680080449D /* Info.plist */,
			);
			path = NewPickFlicksTests;
			sourceTree = "<group>";
		};
		48E3C630260123680080449D /* NewPickFlicksUITests */ = {
			isa = PBXGroup;
			children = (
				48E3C631260123680080449D /* NewPickFlicksUITests.swift */,
				48E3C633260123680080449D /* Info.plist */,
			);
			path = NewPickFlicksUITests;
			sourceTree = "<group>";
		};
		48E3C642260124130080449D /* Utils */ = {
			isa = PBXGroup;
			children = (
				48E3C6502601251C0080449D /* Extensions.swift */,
				48E3C6D9260251040080449D /* Constants.swift */,
			);
			path = Utils;
			sourceTree = "<group>";
		};
		48E3C643260124190080449D /* API */ = {
			isa = PBXGroup;
			children = (
				48E3C6CA26024CE10080449D /* AuthService.swift */,
				48E3C6CF26024CEA0080449D /* DatabaseManager.swift */,
				48E3C6D426024F4E0080449D /* ImageUploader.swift */,
				48E3C73B260397A90080449D /* UserService.swift */,
				8070CA952608E71B007D5B5E /* APIServices.swift */,
				48B985D6263701C90035FD07 /* NotificationService.swift */,
			);
			path = API;
			sourceTree = "<group>";
		};
		48E3C6442601241B0080449D /* Controller */ = {
			isa = PBXGroup;
			children = (
				4868852A26136D9C000F7A2E /* Onboarding */,
				48E3C66F2601D07F0080449D /* Authentication */,
				48E3C71F2603954F0080449D /* Home */,
				48E3C72D260395650080449D /* Search */,
				48E3C7342603956D0080449D /* Notifications */,
				48E3C7232603955B0080449D /* Profile */,
				48E3C6B3260246BF0080449D /* MainTabController.swift */,
				483505442609D5A6007ACABD /* NewGroupController.swift */,
				8382590F260B87D0006834A1 /* JoinGroupViewController.swift */,
				4835053C2609BD2E007ACABD /* FiltersController.swift */,
			);
			path = Controller;
			sourceTree = "<group>";
		};
		48E3C6452601241D0080449D /* ViewModel */ = {
			isa = PBXGroup;
			children = (
				48E3C6692601AB300080449D /* CardViewModel.swift */,
				48E3C67D2601D5330080449D /* AuthenticationViewModel.swift */,
				48E3C74526039D0A0080449D /* ProfileHeaderViewModel.swift */,
				481E5745260B9EAD00E03092 /* UserCellViewModel.swift */,
				488E5962261553400048F2F1 /* AllMoviesViewModel.swift */,
				488A2478262F3597002A3751 /* EditProfileViewModel.swift */,
				48B985C826330E1B0035FD07 /* NotificationViewModel.swift */,
			);
			path = ViewModel;
			sourceTree = "<group>";
		};
		48E3C6462601241F0080449D /* View */ = {
			isa = PBXGroup;
			children = (
				48E3C75F26044EEB0080449D /* Home */,
				48E3C709260260B00080449D /* Profile */,
				48E3C6822601D59B0080449D /* CustomTextField.swift */,
				48E3C74F26042C770080449D /* FillButtonController.swift */,
				48E3C75726044CE20080449D /* ClearButtonController.swift */,
				481E577B260E301000E03092 /* friendsCell.swift */,
				4868853326137100000F7A2E /* OnboardingCell.swift */,
				483505492609D802007ACABD /* UserCell.swift */,
				48350551260A392C007ACABD /* NewGroupHeader.swift */,
				488E59AD26160EB70048F2F1 /* ExploreUsers.swift */,
				48B985C326330C8E0035FD07 /* NotificationCell.swift */,
			);
			path = View;
			sourceTree = "<group>";
		};
		48E3C647260124210080449D /* Model */ = {
			isa = PBXGroup;
			children = (
				48E3C740260399C80080449D /* User.swift */,
				8070CA902608E6C0007D5B5E /* Movie.swift */,
				8070CA9F260A2C4C007D5B5E /* Cast.swift */,
				8094B52026175B9D0058F898 /* Genre.swift */,
				48E3C688260243990080449D /* GoogleService-Info.plist */,
				486885382613862C000F7A2E /* Slide.swift */,
				83825904260B7BFF006834A1 /* Session.swift */,
				48B985CD26330E600035FD07 /* Notification.swift */,
			);
			path = Model;
			sourceTree = "<group>";
		};
		48E3C66F2601D07F0080449D /* Authentication */ = {
			isa = PBXGroup;
			children = (
				48E3C6702601D0920080449D /* LoginController.swift */,
				48E3C6782601D09C0080449D /* RegisterController.swift */,
			);
			path = Authentication;
			sourceTree = "<group>";
		};
		48E3C709260260B00080449D /* Profile */ = {
			isa = PBXGroup;
			children = (
				48E3C712260261010080449D /* ProfileCell.swift */,
				48E3C70A260260F60080449D /* ProfileHeader.swift */,
				488E59EC261779030048F2F1 /* SettingsCell.swift */,
				488A246E262F2B9D002A3751 /* EditProfileHeader.swift */,
				488A2473262F309E002A3751 /* EditProfileCell.swift */,
			);
			path = Profile;
			sourceTree = "<group>";
		};
		48E3C71F2603954F0080449D /* Home */ = {
			isa = PBXGroup;
			children = (
				48E3C64B260124850080449D /* HomeController.swift */,
				48F2931C2639B4B80064ADDB /* PlayController.swift */,
			);
			path = Home;
			sourceTree = "<group>";
		};
		48E3C7232603955B0080449D /* Profile */ = {
			isa = PBXGroup;
			children = (
				48E3C6C5260247ED0080449D /* ProfileController.swift */,
				48E3C70426025F060080449D /* SettingsController.swift */,
				481E5750260CE95800E03092 /* EditProfileController.swift */,
			);
			path = Profile;
			sourceTree = "<group>";
		};
		48E3C72D260395650080449D /* Search */ = {
			isa = PBXGroup;
			children = (
				48E3C6B8260247D70080449D /* SearchController.swift */,
				48B17B60263C7E8F00F7844E /* SearchMovies.swift */,
			);
			path = Search;
			sourceTree = "<group>";
		};
		48E3C7342603956D0080449D /* Notifications */ = {
			isa = PBXGroup;
			children = (
				48E3C6C0260247E10080449D /* NotificationController.swift */,
			);
			path = Notifications;
			sourceTree = "<group>";
		};
		48E3C75F26044EEB0080449D /* Home */ = {
			isa = PBXGroup;
			children = (
				48F293262639B5D00064ADDB /* Play */,
				48E3C655260125770080449D /* HomeNavigationStackView.swift */,
				48E3C65F26018D440080449D /* CardView.swift */,
				48E3C65A260186A90080449D /* BottomControlStackView.swift */,
				48E3C74A2603B4F10080449D /* StartSession.swift */,
				488E59F12617EF530048F2F1 /* SettingsSection.swift */,
			);
			path = Home;
			sourceTree = "<group>";
		};
		48F293262639B5D00064ADDB /* Play */ = {
			isa = PBXGroup;
			children = (
				48F293212639B53A0064ADDB /* PlayNavigationStackView.swift */,
				48F293272639B5EB0064ADDB /* PlayBottomControllerStackView.swift */,
			);
			path = Play;
			sourceTree = "<group>";
		};
/* End PBXGroup section */

/* Begin PBXNativeTarget section */
		48E3C60B260123660080449D /* NewPickFlicks */ = {
			isa = PBXNativeTarget;
			buildConfigurationList = 48E3C636260123680080449D /* Build configuration list for PBXNativeTarget "NewPickFlicks" */;
			buildPhases = (
				0F7D6503D510D2B8197143C8 /* [CP] Check Pods Manifest.lock */,
				48E3C608260123660080449D /* Sources */,
				48E3C609260123660080449D /* Frameworks */,
				48E3C60A260123660080449D /* Resources */,
				F0DDF968A01E63EC8FEC2743 /* [CP] Embed Pods Frameworks */,
			);
			buildRules = (
			);
			dependencies = (
			);
			name = NewPickFlicks;
			productName = NewPickFlicks;
			productReference = 48E3C60C260123660080449D /* NewPickFlicks.app */;
			productType = "com.apple.product-type.application";
		};
		48E3C621260123680080449D /* NewPickFlicksTests */ = {
			isa = PBXNativeTarget;
			buildConfigurationList = 48E3C639260123680080449D /* Build configuration list for PBXNativeTarget "NewPickFlicksTests" */;
			buildPhases = (
				DE9E82E9262454D985CCB3B0 /* [CP] Check Pods Manifest.lock */,
				48E3C61E260123680080449D /* Sources */,
				48E3C61F260123680080449D /* Frameworks */,
				48E3C620260123680080449D /* Resources */,
			);
			buildRules = (
			);
			dependencies = (
				48E3C624260123680080449D /* PBXTargetDependency */,
			);
			name = NewPickFlicksTests;
			productName = NewPickFlicksTests;
			productReference = 48E3C622260123680080449D /* NewPickFlicksTests.xctest */;
			productType = "com.apple.product-type.bundle.unit-test";
		};
		48E3C62C260123680080449D /* NewPickFlicksUITests */ = {
			isa = PBXNativeTarget;
			buildConfigurationList = 48E3C63C260123680080449D /* Build configuration list for PBXNativeTarget "NewPickFlicksUITests" */;
			buildPhases = (
				B044982EDD4D6934E4CE4FE6 /* [CP] Check Pods Manifest.lock */,
				48E3C629260123680080449D /* Sources */,
				48E3C62A260123680080449D /* Frameworks */,
				48E3C62B260123680080449D /* Resources */,
				9E4D5A50E399E96710A27753 /* [CP] Embed Pods Frameworks */,
			);
			buildRules = (
			);
			dependencies = (
				48E3C62F260123680080449D /* PBXTargetDependency */,
			);
			name = NewPickFlicksUITests;
			productName = NewPickFlicksUITests;
			productReference = 48E3C62D260123680080449D /* NewPickFlicksUITests.xctest */;
			productType = "com.apple.product-type.bundle.ui-testing";
		};
/* End PBXNativeTarget section */

/* Begin PBXProject section */
		48E3C604260123660080449D /* Project object */ = {
			isa = PBXProject;
			attributes = {
				LastSwiftUpdateCheck = 1240;
				LastUpgradeCheck = 1240;
				TargetAttributes = {
					48E3C60B260123660080449D = {
						CreatedOnToolsVersion = 12.4;
					};
					48E3C621260123680080449D = {
						CreatedOnToolsVersion = 12.4;
						TestTargetID = 48E3C60B260123660080449D;
					};
					48E3C62C260123680080449D = {
						CreatedOnToolsVersion = 12.4;
						TestTargetID = 48E3C60B260123660080449D;
					};
				};
			};
			buildConfigurationList = 48E3C607260123660080449D /* Build configuration list for PBXProject "NewPickFlicks" */;
			compatibilityVersion = "Xcode 9.3";
			developmentRegion = en;
			hasScannedForEncodings = 0;
			knownRegions = (
				en,
				Base,
			);
			mainGroup = 48E3C603260123660080449D;
			productRefGroup = 48E3C60D260123660080449D /* Products */;
			projectDirPath = "";
			projectRoot = "";
			targets = (
				48E3C60B260123660080449D /* NewPickFlicks */,
				48E3C621260123680080449D /* NewPickFlicksTests */,
				48E3C62C260123680080449D /* NewPickFlicksUITests */,
			);
		};
/* End PBXProject section */

/* Begin PBXResourcesBuildPhase section */
		48E3C60A260123660080449D /* Resources */ = {
			isa = PBXResourcesBuildPhase;
			buildActionMask = 2147483647;
			files = (
				488E5946261427590048F2F1 /* notifications.json in Resources */,
				4868856D261390F9000F7A2E /* tinder.json in Resources */,
				8028EC4F2642E78300BCC8BB /* LaunchScreenFix.storyboard in Resources */,
				4868856726138A42000F7A2E /* lottieMovie.json in Resources */,
				4868852626136D22000F7A2E /* Onboarding.storyboard in Resources */,
				48E3C689260243990080449D /* GoogleService-Info.plist in Resources */,
				48E3C619260123680080449D /* Assets.xcassets in Resources */,
				488E5945261427590048F2F1 /* engagement.json in Resources */,
				4868856826138A42000F7A2E /* lottieswipe.json in Resources */,
				48E3C617260123660080449D /* Main.storyboard in Resources */,
			);
			runOnlyForDeploymentPostprocessing = 0;
		};
		48E3C620260123680080449D /* Resources */ = {
			isa = PBXResourcesBuildPhase;
			buildActionMask = 2147483647;
			files = (
			);
			runOnlyForDeploymentPostprocessing = 0;
		};
		48E3C62B260123680080449D /* Resources */ = {
			isa = PBXResourcesBuildPhase;
			buildActionMask = 2147483647;
			files = (
			);
			runOnlyForDeploymentPostprocessing = 0;
		};
/* End PBXResourcesBuildPhase section */

/* Begin PBXShellScriptBuildPhase section */
		0F7D6503D510D2B8197143C8 /* [CP] Check Pods Manifest.lock */ = {
			isa = PBXShellScriptBuildPhase;
			buildActionMask = 2147483647;
			files = (
			);
			inputFileListPaths = (
			);
			inputPaths = (
				"${PODS_PODFILE_DIR_PATH}/Podfile.lock",
				"${PODS_ROOT}/Manifest.lock",
			);
			name = "[CP] Check Pods Manifest.lock";
			outputFileListPaths = (
			);
			outputPaths = (
				"$(DERIVED_FILE_DIR)/Pods-NewPickFlicks-checkManifestLockResult.txt",
			);
			runOnlyForDeploymentPostprocessing = 0;
			shellPath = /bin/sh;
			shellScript = "diff \"${PODS_PODFILE_DIR_PATH}/Podfile.lock\" \"${PODS_ROOT}/Manifest.lock\" > /dev/null\nif [ $? != 0 ] ; then\n    # print error to STDERR\n    echo \"error: The sandbox is not in sync with the Podfile.lock. Run 'pod install' or update your CocoaPods installation.\" >&2\n    exit 1\nfi\n# This output is used by Xcode 'outputs' to avoid re-running this script phase.\necho \"SUCCESS\" > \"${SCRIPT_OUTPUT_FILE_0}\"\n";
			showEnvVarsInLog = 0;
		};
		9E4D5A50E399E96710A27753 /* [CP] Embed Pods Frameworks */ = {
			isa = PBXShellScriptBuildPhase;
			buildActionMask = 2147483647;
			files = (
			);
			inputFileListPaths = (
				"${PODS_ROOT}/Target Support Files/Pods-NewPickFlicks-NewPickFlicksUITests/Pods-NewPickFlicks-NewPickFlicksUITests-frameworks-${CONFIGURATION}-input-files.xcfilelist",
			);
			name = "[CP] Embed Pods Frameworks";
			outputFileListPaths = (
				"${PODS_ROOT}/Target Support Files/Pods-NewPickFlicks-NewPickFlicksUITests/Pods-NewPickFlicks-NewPickFlicksUITests-frameworks-${CONFIGURATION}-output-files.xcfilelist",
			);
			runOnlyForDeploymentPostprocessing = 0;
			shellPath = /bin/sh;
			shellScript = "\"${PODS_ROOT}/Target Support Files/Pods-NewPickFlicks-NewPickFlicksUITests/Pods-NewPickFlicks-NewPickFlicksUITests-frameworks.sh\"\n";
			showEnvVarsInLog = 0;
		};
		B044982EDD4D6934E4CE4FE6 /* [CP] Check Pods Manifest.lock */ = {
			isa = PBXShellScriptBuildPhase;
			buildActionMask = 2147483647;
			files = (
			);
			inputFileListPaths = (
			);
			inputPaths = (
				"${PODS_PODFILE_DIR_PATH}/Podfile.lock",
				"${PODS_ROOT}/Manifest.lock",
			);
			name = "[CP] Check Pods Manifest.lock";
			outputFileListPaths = (
			);
			outputPaths = (
				"$(DERIVED_FILE_DIR)/Pods-NewPickFlicks-NewPickFlicksUITests-checkManifestLockResult.txt",
			);
			runOnlyForDeploymentPostprocessing = 0;
			shellPath = /bin/sh;
			shellScript = "diff \"${PODS_PODFILE_DIR_PATH}/Podfile.lock\" \"${PODS_ROOT}/Manifest.lock\" > /dev/null\nif [ $? != 0 ] ; then\n    # print error to STDERR\n    echo \"error: The sandbox is not in sync with the Podfile.lock. Run 'pod install' or update your CocoaPods installation.\" >&2\n    exit 1\nfi\n# This output is used by Xcode 'outputs' to avoid re-running this script phase.\necho \"SUCCESS\" > \"${SCRIPT_OUTPUT_FILE_0}\"\n";
			showEnvVarsInLog = 0;
		};
		DE9E82E9262454D985CCB3B0 /* [CP] Check Pods Manifest.lock */ = {
			isa = PBXShellScriptBuildPhase;
			buildActionMask = 2147483647;
			files = (
			);
			inputFileListPaths = (
			);
			inputPaths = (
				"${PODS_PODFILE_DIR_PATH}/Podfile.lock",
				"${PODS_ROOT}/Manifest.lock",
			);
			name = "[CP] Check Pods Manifest.lock";
			outputFileListPaths = (
			);
			outputPaths = (
				"$(DERIVED_FILE_DIR)/Pods-NewPickFlicksTests-checkManifestLockResult.txt",
			);
			runOnlyForDeploymentPostprocessing = 0;
			shellPath = /bin/sh;
			shellScript = "diff \"${PODS_PODFILE_DIR_PATH}/Podfile.lock\" \"${PODS_ROOT}/Manifest.lock\" > /dev/null\nif [ $? != 0 ] ; then\n    # print error to STDERR\n    echo \"error: The sandbox is not in sync with the Podfile.lock. Run 'pod install' or update your CocoaPods installation.\" >&2\n    exit 1\nfi\n# This output is used by Xcode 'outputs' to avoid re-running this script phase.\necho \"SUCCESS\" > \"${SCRIPT_OUTPUT_FILE_0}\"\n";
			showEnvVarsInLog = 0;
		};
		F0DDF968A01E63EC8FEC2743 /* [CP] Embed Pods Frameworks */ = {
			isa = PBXShellScriptBuildPhase;
			buildActionMask = 2147483647;
			files = (
			);
			inputFileListPaths = (
				"${PODS_ROOT}/Target Support Files/Pods-NewPickFlicks/Pods-NewPickFlicks-frameworks-${CONFIGURATION}-input-files.xcfilelist",
			);
			name = "[CP] Embed Pods Frameworks";
			outputFileListPaths = (
				"${PODS_ROOT}/Target Support Files/Pods-NewPickFlicks/Pods-NewPickFlicks-frameworks-${CONFIGURATION}-output-files.xcfilelist",
			);
			runOnlyForDeploymentPostprocessing = 0;
			shellPath = /bin/sh;
			shellScript = "\"${PODS_ROOT}/Target Support Files/Pods-NewPickFlicks/Pods-NewPickFlicks-frameworks.sh\"\n";
			showEnvVarsInLog = 0;
		};
/* End PBXShellScriptBuildPhase section */

/* Begin PBXSourcesBuildPhase section */
		48E3C608260123660080449D /* Sources */ = {
			isa = PBXSourcesBuildPhase;
			buildActionMask = 2147483647;
			files = (
				488E59F22617EF530048F2F1 /* SettingsSection.swift in Sources */,
				48B985C926330E1B0035FD07 /* NotificationViewModel.swift in Sources */,
				48E3C6832601D59B0080449D /* CustomTextField.swift in Sources */,
				48E3C74626039D0A0080449D /* ProfileHeaderViewModel.swift in Sources */,
				481E5746260B9EAD00E03092 /* UserCellViewModel.swift in Sources */,
				48E3C6B9260247D70080449D /* SearchController.swift in Sources */,
				488E59AE26160EB70048F2F1 /* ExploreUsers.swift in Sources */,
				48B985D7263701C90035FD07 /* NotificationService.swift in Sources */,
				48E3C6C1260247E10080449D /* NotificationController.swift in Sources */,
				48E3C6CB26024CE10080449D /* AuthService.swift in Sources */,
				48F293222639B53A0064ADDB /* PlayNavigationStackView.swift in Sources */,
				48E3C67E2601D5330080449D /* AuthenticationViewModel.swift in Sources */,
				48E3C741260399C80080449D /* User.swift in Sources */,
				48B985C426330C8E0035FD07 /* NotificationCell.swift in Sources */,
				48F293282639B5EB0064ADDB /* PlayBottomControllerStackView.swift in Sources */,
				4868853426137100000F7A2E /* OnboardingCell.swift in Sources */,
				488E5973261590BE0048F2F1 /* MovieDetailView.swift in Sources */,
				48F2931D2639B4B80064ADDB /* PlayController.swift in Sources */,
				481E5751260CE95800E03092 /* EditProfileController.swift in Sources */,
				48E3C6B4260246BF0080449D /* MainTabController.swift in Sources */,
				48E3C73C260397A90080449D /* UserService.swift in Sources */,
				488E59ED261779030048F2F1 /* SettingsCell.swift in Sources */,
				48B17B61263C7E8F00F7844E /* SearchMovies.swift in Sources */,
				48E3C66026018D440080449D /* CardView.swift in Sources */,
				48E3C610260123660080449D /* AppDelegate.swift in Sources */,
				48E3C70B260260F60080449D /* ProfileHeader.swift in Sources */,
				48E3C75026042C770080449D /* FillButtonController.swift in Sources */,
				48E3C6792601D09C0080449D /* RegisterController.swift in Sources */,
				48350552260A392C007ACABD /* NewGroupHeader.swift in Sources */,
				486885392613862C000F7A2E /* Slide.swift in Sources */,
				48E3C6D026024CEA0080449D /* DatabaseManager.swift in Sources */,
				48E3C6DA260251040080449D /* Constants.swift in Sources */,
				48E3C612260123660080449D /* SceneDelegate.swift in Sources */,
				4835053D2609BD2E007ACABD /* FiltersController.swift in Sources */,
				8080080B2639AFBF003668AD /* SessionResults.swift in Sources */,
				83825905260B7BFF006834A1 /* Session.swift in Sources */,
				48E3C656260125770080449D /* HomeNavigationStackView.swift in Sources */,
				8070CA912608E6C0007D5B5E /* Movie.swift in Sources */,
				83825910260B87D0006834A1 /* JoinGroupViewController.swift in Sources */,
				483505452609D5A6007ACABD /* NewGroupController.swift in Sources */,
				48E3C64C260124850080449D /* HomeController.swift in Sources */,
				48E3C65B260186A90080449D /* BottomControlStackView.swift in Sources */,
				48E3C70526025F060080449D /* SettingsController.swift in Sources */,
				48E3C6512601251C0080449D /* Extensions.swift in Sources */,
				48E3C74B2603B4F10080449D /* StartSession.swift in Sources */,
				8070CAA0260A2C4C007D5B5E /* Cast.swift in Sources */,
				488A246F262F2B9D002A3751 /* EditProfileHeader.swift in Sources */,
				488A2474262F309F002A3751 /* EditProfileCell.swift in Sources */,
				481E577C260E301000E03092 /* friendsCell.swift in Sources */,
				488A2479262F3597002A3751 /* EditProfileViewModel.swift in Sources */,
				48E3C75826044CE20080449D /* ClearButtonController.swift in Sources */,
				4868852C26136DC5000F7A2E /* OnboardingViewController.swift in Sources */,
				8070CA962608E71B007D5B5E /* APIServices.swift in Sources */,
				48E3C66A2601AB300080449D /* CardViewModel.swift in Sources */,
				4835054A2609D802007ACABD /* UserCell.swift in Sources */,
				488E5963261553400048F2F1 /* AllMoviesViewModel.swift in Sources */,
				48E3C6D526024F4E0080449D /* ImageUploader.swift in Sources */,
				8094B52126175B9D0058F898 /* Genre.swift in Sources */,
				48B985CE26330E600035FD07 /* Notification.swift in Sources */,
				48E3C713260261010080449D /* ProfileCell.swift in Sources */,
				48E3C6712601D0920080449D /* LoginController.swift in Sources */,
				48E3C6C6260247ED0080449D /* ProfileController.swift in Sources */,
			);
			runOnlyForDeploymentPostprocessing = 0;
		};
		48E3C61E260123680080449D /* Sources */ = {
			isa = PBXSourcesBuildPhase;
			buildActionMask = 2147483647;
			files = (
				48E3C627260123680080449D /* NewPickFlicksTests.swift in Sources */,
			);
			runOnlyForDeploymentPostprocessing = 0;
		};
		48E3C629260123680080449D /* Sources */ = {
			isa = PBXSourcesBuildPhase;
			buildActionMask = 2147483647;
			files = (
				48E3C632260123680080449D /* NewPickFlicksUITests.swift in Sources */,
			);
			runOnlyForDeploymentPostprocessing = 0;
		};
/* End PBXSourcesBuildPhase section */

/* Begin PBXTargetDependency section */
		48E3C624260123680080449D /* PBXTargetDependency */ = {
			isa = PBXTargetDependency;
			target = 48E3C60B260123660080449D /* NewPickFlicks */;
			targetProxy = 48E3C623260123680080449D /* PBXContainerItemProxy */;
		};
		48E3C62F260123680080449D /* PBXTargetDependency */ = {
			isa = PBXTargetDependency;
			target = 48E3C60B260123660080449D /* NewPickFlicks */;
			targetProxy = 48E3C62E260123680080449D /* PBXContainerItemProxy */;
		};
/* End PBXTargetDependency section */

/* Begin PBXVariantGroup section */
		48E3C615260123660080449D /* Main.storyboard */ = {
			isa = PBXVariantGroup;
			children = (
				48E3C616260123660080449D /* Base */,
			);
			name = Main.storyboard;
			sourceTree = "<group>";
		};
/* End PBXVariantGroup section */

/* Begin XCBuildConfiguration section */
		48E3C634260123680080449D /* Debug */ = {
			isa = XCBuildConfiguration;
			buildSettings = {
				ALWAYS_SEARCH_USER_PATHS = NO;
				CLANG_ANALYZER_NONNULL = YES;
				CLANG_ANALYZER_NUMBER_OBJECT_CONVERSION = YES_AGGRESSIVE;
				CLANG_CXX_LANGUAGE_STANDARD = "gnu++14";
				CLANG_CXX_LIBRARY = "libc++";
				CLANG_ENABLE_MODULES = YES;
				CLANG_ENABLE_OBJC_ARC = YES;
				CLANG_ENABLE_OBJC_WEAK = YES;
				CLANG_WARN_BLOCK_CAPTURE_AUTORELEASING = YES;
				CLANG_WARN_BOOL_CONVERSION = YES;
				CLANG_WARN_COMMA = YES;
				CLANG_WARN_CONSTANT_CONVERSION = YES;
				CLANG_WARN_DEPRECATED_OBJC_IMPLEMENTATIONS = YES;
				CLANG_WARN_DIRECT_OBJC_ISA_USAGE = YES_ERROR;
				CLANG_WARN_DOCUMENTATION_COMMENTS = YES;
				CLANG_WARN_EMPTY_BODY = YES;
				CLANG_WARN_ENUM_CONVERSION = YES;
				CLANG_WARN_INFINITE_RECURSION = YES;
				CLANG_WARN_INT_CONVERSION = YES;
				CLANG_WARN_NON_LITERAL_NULL_CONVERSION = YES;
				CLANG_WARN_OBJC_IMPLICIT_RETAIN_SELF = YES;
				CLANG_WARN_OBJC_LITERAL_CONVERSION = YES;
				CLANG_WARN_OBJC_ROOT_CLASS = YES_ERROR;
				CLANG_WARN_QUOTED_INCLUDE_IN_FRAMEWORK_HEADER = YES;
				CLANG_WARN_RANGE_LOOP_ANALYSIS = YES;
				CLANG_WARN_STRICT_PROTOTYPES = YES;
				CLANG_WARN_SUSPICIOUS_MOVE = YES;
				CLANG_WARN_UNGUARDED_AVAILABILITY = YES_AGGRESSIVE;
				CLANG_WARN_UNREACHABLE_CODE = YES;
				CLANG_WARN__DUPLICATE_METHOD_MATCH = YES;
				COPY_PHASE_STRIP = NO;
				DEBUG_INFORMATION_FORMAT = dwarf;
				ENABLE_STRICT_OBJC_MSGSEND = YES;
				ENABLE_TESTABILITY = YES;
				GCC_C_LANGUAGE_STANDARD = gnu11;
				GCC_DYNAMIC_NO_PIC = NO;
				GCC_NO_COMMON_BLOCKS = YES;
				GCC_OPTIMIZATION_LEVEL = 0;
				GCC_PREPROCESSOR_DEFINITIONS = (
					"DEBUG=1",
					"$(inherited)",
				);
				GCC_WARN_64_TO_32_BIT_CONVERSION = YES;
				GCC_WARN_ABOUT_RETURN_TYPE = YES_ERROR;
				GCC_WARN_UNDECLARED_SELECTOR = YES;
				GCC_WARN_UNINITIALIZED_AUTOS = YES_AGGRESSIVE;
				GCC_WARN_UNUSED_FUNCTION = YES;
				GCC_WARN_UNUSED_VARIABLE = YES;
				IPHONEOS_DEPLOYMENT_TARGET = 14.4;
				MTL_ENABLE_DEBUG_INFO = INCLUDE_SOURCE;
				MTL_FAST_MATH = YES;
				ONLY_ACTIVE_ARCH = YES;
				SDKROOT = iphoneos;
				SWIFT_ACTIVE_COMPILATION_CONDITIONS = DEBUG;
				SWIFT_OPTIMIZATION_LEVEL = "-Onone";
			};
			name = Debug;
		};
		48E3C635260123680080449D /* Release */ = {
			isa = XCBuildConfiguration;
			buildSettings = {
				ALWAYS_SEARCH_USER_PATHS = NO;
				CLANG_ANALYZER_NONNULL = YES;
				CLANG_ANALYZER_NUMBER_OBJECT_CONVERSION = YES_AGGRESSIVE;
				CLANG_CXX_LANGUAGE_STANDARD = "gnu++14";
				CLANG_CXX_LIBRARY = "libc++";
				CLANG_ENABLE_MODULES = YES;
				CLANG_ENABLE_OBJC_ARC = YES;
				CLANG_ENABLE_OBJC_WEAK = YES;
				CLANG_WARN_BLOCK_CAPTURE_AUTORELEASING = YES;
				CLANG_WARN_BOOL_CONVERSION = YES;
				CLANG_WARN_COMMA = YES;
				CLANG_WARN_CONSTANT_CONVERSION = YES;
				CLANG_WARN_DEPRECATED_OBJC_IMPLEMENTATIONS = YES;
				CLANG_WARN_DIRECT_OBJC_ISA_USAGE = YES_ERROR;
				CLANG_WARN_DOCUMENTATION_COMMENTS = YES;
				CLANG_WARN_EMPTY_BODY = YES;
				CLANG_WARN_ENUM_CONVERSION = YES;
				CLANG_WARN_INFINITE_RECURSION = YES;
				CLANG_WARN_INT_CONVERSION = YES;
				CLANG_WARN_NON_LITERAL_NULL_CONVERSION = YES;
				CLANG_WARN_OBJC_IMPLICIT_RETAIN_SELF = YES;
				CLANG_WARN_OBJC_LITERAL_CONVERSION = YES;
				CLANG_WARN_OBJC_ROOT_CLASS = YES_ERROR;
				CLANG_WARN_QUOTED_INCLUDE_IN_FRAMEWORK_HEADER = YES;
				CLANG_WARN_RANGE_LOOP_ANALYSIS = YES;
				CLANG_WARN_STRICT_PROTOTYPES = YES;
				CLANG_WARN_SUSPICIOUS_MOVE = YES;
				CLANG_WARN_UNGUARDED_AVAILABILITY = YES_AGGRESSIVE;
				CLANG_WARN_UNREACHABLE_CODE = YES;
				CLANG_WARN__DUPLICATE_METHOD_MATCH = YES;
				COPY_PHASE_STRIP = NO;
				DEBUG_INFORMATION_FORMAT = "dwarf-with-dsym";
				ENABLE_NS_ASSERTIONS = NO;
				ENABLE_STRICT_OBJC_MSGSEND = YES;
				GCC_C_LANGUAGE_STANDARD = gnu11;
				GCC_NO_COMMON_BLOCKS = YES;
				GCC_WARN_64_TO_32_BIT_CONVERSION = YES;
				GCC_WARN_ABOUT_RETURN_TYPE = YES_ERROR;
				GCC_WARN_UNDECLARED_SELECTOR = YES;
				GCC_WARN_UNINITIALIZED_AUTOS = YES_AGGRESSIVE;
				GCC_WARN_UNUSED_FUNCTION = YES;
				GCC_WARN_UNUSED_VARIABLE = YES;
				IPHONEOS_DEPLOYMENT_TARGET = 14.4;
				MTL_ENABLE_DEBUG_INFO = NO;
				MTL_FAST_MATH = YES;
				SDKROOT = iphoneos;
				SWIFT_COMPILATION_MODE = wholemodule;
				SWIFT_OPTIMIZATION_LEVEL = "-O";
				VALIDATE_PRODUCT = YES;
			};
			name = Release;
		};
		48E3C637260123680080449D /* Debug */ = {
			isa = XCBuildConfiguration;
			baseConfigurationReference = CB92BE48691BF0F9C6E0EC70 /* Pods-NewPickFlicks.debug.xcconfig */;
			buildSettings = {
				ASSETCATALOG_COMPILER_APPICON_NAME = AppIcon;
				ASSETCATALOG_COMPILER_GLOBAL_ACCENT_COLOR_NAME = AccentColor;
				CODE_SIGN_STYLE = Automatic;
				DEVELOPMENT_TEAM = "";
				INFOPLIST_FILE = NewPickFlicks/Info.plist;
				LD_RUNPATH_SEARCH_PATHS = (
					"$(inherited)",
					"@executable_path/Frameworks",
				);
				PRODUCT_BUNDLE_IDENTIFIER = com.johnpadilla.NewPickFlicks;
				PRODUCT_NAME = "$(TARGET_NAME)";
				SWIFT_VERSION = 5.0;
				TARGETED_DEVICE_FAMILY = "1,2";
			};
			name = Debug;
		};
		48E3C638260123680080449D /* Release */ = {
			isa = XCBuildConfiguration;
			baseConfigurationReference = D582EA3382B4197F071E251D /* Pods-NewPickFlicks.release.xcconfig */;
			buildSettings = {
				ASSETCATALOG_COMPILER_APPICON_NAME = AppIcon;
				ASSETCATALOG_COMPILER_GLOBAL_ACCENT_COLOR_NAME = AccentColor;
				CODE_SIGN_STYLE = Automatic;
				DEVELOPMENT_TEAM = "";
				INFOPLIST_FILE = NewPickFlicks/Info.plist;
				LD_RUNPATH_SEARCH_PATHS = (
					"$(inherited)",
					"@executable_path/Frameworks",
				);
				PRODUCT_BUNDLE_IDENTIFIER = com.johnpadilla.NewPickFlicks;
				PRODUCT_NAME = "$(TARGET_NAME)";
				SWIFT_VERSION = 5.0;
				TARGETED_DEVICE_FAMILY = "1,2";
			};
			name = Release;
		};
		48E3C63A260123680080449D /* Debug */ = {
			isa = XCBuildConfiguration;
			baseConfigurationReference = 98A1F1E84E0B2A61CCD72E83 /* Pods-NewPickFlicksTests.debug.xcconfig */;
			buildSettings = {
				ALWAYS_EMBED_SWIFT_STANDARD_LIBRARIES = YES;
				BUNDLE_LOADER = "$(TEST_HOST)";
				CODE_SIGN_STYLE = Automatic;
				DEVELOPMENT_TEAM = H8YQBNNYZ2;
				INFOPLIST_FILE = NewPickFlicksTests/Info.plist;
				IPHONEOS_DEPLOYMENT_TARGET = 14.4;
				LD_RUNPATH_SEARCH_PATHS = (
					"$(inherited)",
					"@executable_path/Frameworks",
					"@loader_path/Frameworks",
				);
				PRODUCT_BUNDLE_IDENTIFIER = com.johnpadilla.NewPickFlicksTests;
				PRODUCT_NAME = "$(TARGET_NAME)";
				SWIFT_VERSION = 5.0;
				TARGETED_DEVICE_FAMILY = "1,2";
				TEST_HOST = "$(BUILT_PRODUCTS_DIR)/NewPickFlicks.app/NewPickFlicks";
			};
			name = Debug;
		};
		48E3C63B260123680080449D /* Release */ = {
			isa = XCBuildConfiguration;
			baseConfigurationReference = A9685035A9E6A1D9A1D8486A /* Pods-NewPickFlicksTests.release.xcconfig */;
			buildSettings = {
				ALWAYS_EMBED_SWIFT_STANDARD_LIBRARIES = YES;
				BUNDLE_LOADER = "$(TEST_HOST)";
				CODE_SIGN_STYLE = Automatic;
				DEVELOPMENT_TEAM = H8YQBNNYZ2;
				INFOPLIST_FILE = NewPickFlicksTests/Info.plist;
				IPHONEOS_DEPLOYMENT_TARGET = 14.4;
				LD_RUNPATH_SEARCH_PATHS = (
					"$(inherited)",
					"@executable_path/Frameworks",
					"@loader_path/Frameworks",
				);
				PRODUCT_BUNDLE_IDENTIFIER = com.johnpadilla.NewPickFlicksTests;
				PRODUCT_NAME = "$(TARGET_NAME)";
				SWIFT_VERSION = 5.0;
				TARGETED_DEVICE_FAMILY = "1,2";
				TEST_HOST = "$(BUILT_PRODUCTS_DIR)/NewPickFlicks.app/NewPickFlicks";
			};
			name = Release;
		};
		48E3C63D260123680080449D /* Debug */ = {
			isa = XCBuildConfiguration;
			baseConfigurationReference = 15B2F3E9F52B39A484769865 /* Pods-NewPickFlicks-NewPickFlicksUITests.debug.xcconfig */;
			buildSettings = {
				ALWAYS_EMBED_SWIFT_STANDARD_LIBRARIES = YES;
				CODE_SIGN_STYLE = Automatic;
				DEVELOPMENT_TEAM = H8YQBNNYZ2;
				INFOPLIST_FILE = NewPickFlicksUITests/Info.plist;
				LD_RUNPATH_SEARCH_PATHS = (
					"$(inherited)",
					"@executable_path/Frameworks",
					"@loader_path/Frameworks",
				);
				PRODUCT_BUNDLE_IDENTIFIER = com.johnpadilla.NewPickFlicksUITests;
				PRODUCT_NAME = "$(TARGET_NAME)";
				SWIFT_VERSION = 5.0;
				TARGETED_DEVICE_FAMILY = "1,2";
				TEST_TARGET_NAME = NewPickFlicks;
			};
			name = Debug;
		};
		48E3C63E260123680080449D /* Release */ = {
			isa = XCBuildConfiguration;
			baseConfigurationReference = 4B4B62FD6BD952EC49C5EBF9 /* Pods-NewPickFlicks-NewPickFlicksUITests.release.xcconfig */;
			buildSettings = {
				ALWAYS_EMBED_SWIFT_STANDARD_LIBRARIES = YES;
				CODE_SIGN_STYLE = Automatic;
				DEVELOPMENT_TEAM = H8YQBNNYZ2;
				INFOPLIST_FILE = NewPickFlicksUITests/Info.plist;
				LD_RUNPATH_SEARCH_PATHS = (
					"$(inherited)",
					"@executable_path/Frameworks",
					"@loader_path/Frameworks",
				);
				PRODUCT_BUNDLE_IDENTIFIER = com.johnpadilla.NewPickFlicksUITests;
				PRODUCT_NAME = "$(TARGET_NAME)";
				SWIFT_VERSION = 5.0;
				TARGETED_DEVICE_FAMILY = "1,2";
				TEST_TARGET_NAME = NewPickFlicks;
			};
			name = Release;
		};
/* End XCBuildConfiguration section */

/* Begin XCConfigurationList section */
		48E3C607260123660080449D /* Build configuration list for PBXProject "NewPickFlicks" */ = {
			isa = XCConfigurationList;
			buildConfigurations = (
				48E3C634260123680080449D /* Debug */,
				48E3C635260123680080449D /* Release */,
			);
			defaultConfigurationIsVisible = 0;
			defaultConfigurationName = Release;
		};
		48E3C636260123680080449D /* Build configuration list for PBXNativeTarget "NewPickFlicks" */ = {
			isa = XCConfigurationList;
			buildConfigurations = (
				48E3C637260123680080449D /* Debug */,
				48E3C638260123680080449D /* Release */,
			);
			defaultConfigurationIsVisible = 0;
			defaultConfigurationName = Release;
		};
		48E3C639260123680080449D /* Build configuration list for PBXNativeTarget "NewPickFlicksTests" */ = {
			isa = XCConfigurationList;
			buildConfigurations = (
				48E3C63A260123680080449D /* Debug */,
				48E3C63B260123680080449D /* Release */,
			);
			defaultConfigurationIsVisible = 0;
			defaultConfigurationName = Release;
		};
		48E3C63C260123680080449D /* Build configuration list for PBXNativeTarget "NewPickFlicksUITests" */ = {
			isa = XCConfigurationList;
			buildConfigurations = (
				48E3C63D260123680080449D /* Debug */,
				48E3C63E260123680080449D /* Release */,
			);
			defaultConfigurationIsVisible = 0;
			defaultConfigurationName = Release;
		};
/* End XCConfigurationList section */
	};
	rootObject = 48E3C604260123660080449D /* Project object */;
}
